
Microsoft Visual Studio Solution File, Format Version 12.00
# Visual Studio Version 17
VisualStudioVersion = 17.6.33829.357
MinimumVisualStudioVersion = 10.0.40219.1
Project("{FAE04EC0-301F-11D3-BF4B-00C04F79EFBC}") = "ExcelFileReader", "ExcelFileReader.csproj", "{4898C935-7A71-45D0-81E1-32ECB087F887}"
EndProject
Global
	GlobalSection(SolutionConfigurationPlatforms) = preSolution
		Debug|Any CPU = Debug|Any CPU
		Release|Any CPU = Release|Any CPU
	EndGlobalSection
	GlobalSection(ProjectConfigurationPlatforms) = postSolution
		{4898C935-7A71-45D0-81E1-32ECB087F887}.Debug|Any CPU.ActiveCfg = Debug|Any CPU
		{4898C935-7A71-45D0-81E1-32ECB087F887}.Debug|Any CPU.Build.0 = Debug|Any CPU
		{4898C935-7A71-45D0-81E1-32ECB087F887}.Release|Any CPU.ActiveCfg = Release|Any CPU
		{4898C935-7A71-45D0-81E1-32ECB087F887}.Release|Any CPU.Build.0 = Release|Any CPU
	EndGlobalSection
	GlobalSection(SolutionProperties) = preSolution
		HideSolutionNode = FALSE
	EndGlobalSection
	GlobalSection(ExtensibilityGlobals) = postSolution
		SolutionGuid = {AE714BC1-3779-4678-90B5-070DC4A9CBB9}
	EndGlobalSection
EndGlobal
